
Microsoft Visual Studio Solution File, Format Version 12.00
# Visual Studio Version 17
VisualStudioVersion = 17.3.32804.467
MinimumVisualStudioVersion = 10.0.40219.1
Project("{9A19103F-16F7-4668-BE54-9A1E7A4F7556}") = "DBClassesLibrary", "DBClassesLibrary\DBClassesLibrary.csproj", "{4199BB67-3161-4A21-845B-CF3006BA6F68}"
EndProject
Project("{9A19103F-16F7-4668-BE54-9A1E7A4F7556}") = "InterfacesLibrary", "InterfacesLibrary\InterfacesLibrary.csproj", "{B8F80CE6-57D9-4015-935A-0A0EB6A98F2B}"
EndProject
Project("{2150E333-8FDC-42A3-9474-1A3956D46DE8}") = "Services", "Services", "{F02A9C88-1573-4DE2-B9CF-98BDAF4BEAA6}"
EndProject
Project("{2150E333-8FDC-42A3-9474-1A3956D46DE8}") = "Interfaces", "Interfaces", "{A6F094D1-FC4B-4039-9043-225C0F7A0E4C}"
EndProject
Project("{2150E333-8FDC-42A3-9474-1A3956D46DE8}") = "Classes", "Classes", "{E46206C1-14DA-460F-A92A-3A8A969AAB78}"
EndProject
Project("{FAE04EC0-301F-11D3-BF4B-00C04F79EFBC}") = "CounterpartyInfo", "CounterpartyInfo\CounterpartyInfo.csproj", "{4EE066B8-9DE1-47B2-A22A-3C18FCE87870}"
EndProject
Project("{FAE04EC0-301F-11D3-BF4B-00C04F79EFBC}") = "RouterHost", "RouterHost\RouterHost.csproj", "{3CCEA4B9-90B4-44A2-A543-12D4A50A9448}"
EndProject
Project("{9A19103F-16F7-4668-BE54-9A1E7A4F7556}") = "RouterInterfaces", "RouterInterfaces\RouterInterfaces.csproj", "{91F513D0-DA3C-43DA-BA9E-3B638DAACA00}"
EndProject
Project("{FAE04EC0-301F-11D3-BF4B-00C04F79EFBC}") = "Client", "Client\Client.csproj", "{0C8EEAA1-EEAA-485F-9094-E0236010E81D}"
EndProject
Project("{9A19103F-16F7-4668-BE54-9A1E7A4F7556}") = "BankServiceInterfaces", "BankServiceInterfaces\BankServiceInterfaces.csproj", "{83940D26-CA24-4FEC-86E3-DDCFBCEAF1A3}"
EndProject
Project("{FAE04EC0-301F-11D3-BF4B-00C04F79EFBC}") = "BankService", "BankService\BankService.csproj", "{B57CFB79-BD40-4D49-8442-EA7D2BDB4E67}"
EndProject
Project("{9A19103F-16F7-4668-BE54-9A1E7A4F7556}") = "RouterLib", "RouterLib\RouterLib.csproj", "{5AB882C6-D96E-4E69-883D-0DDD67D556D7}"
EndProject
Project("{2150E333-8FDC-42A3-9474-1A3956D46DE8}") = "Servers", "Servers", "{C8C86AD4-C6D3-414E-90AE-1FC73772F4BB}"
EndProject
Project("{9A19103F-16F7-4668-BE54-9A1E7A4F7556}") = "Server1", "Server1\Server1.csproj", "{B32FEED2-F24A-4199-BFD5-41E85B8BE5EE}"
EndProject
Project("{9A19103F-16F7-4668-BE54-9A1E7A4F7556}") = "ServerImplementation", "ServerImplementation\ServerImplementation.csproj", "{5BAEF055-A834-4489-B0F6-F63C3B469BFB}"
EndProject
Project("{9A19103F-16F7-4668-BE54-9A1E7A4F7556}") = "Server2", "Server2\Server2.csproj", "{8905E6A6-AF7E-4F76-BCCC-10F58C18E7CF}"
EndProject
Project("{2150E333-8FDC-42A3-9474-1A3956D46DE8}") = "Clients", "Clients", "{21F2E138-83CC-4B15-8CAE-FE3B6BB9BCE4}"
EndProject
Project("{FAE04EC0-301F-11D3-BF4B-00C04F79EFBC}") = "ClientControlsLibrary", "ClientControlsLibrary\ClientControlsLibrary.csproj", "{15957C23-4EEF-4FE6-9831-1805F47234A4}"
EndProject
Project("{FAE04EC0-301F-11D3-BF4B-00C04F79EFBC}") = "MainOfficeClient", "MainOfficeClient\MainOfficeClient.csproj", "{70D56AC9-76C6-42E0-A6DA-4F65B87CFE1B}"
EndProject
Global
	GlobalSection(SolutionConfigurationPlatforms) = preSolution
		Debug|Any CPU = Debug|Any CPU
		Release|Any CPU = Release|Any CPU
	EndGlobalSection
	GlobalSection(ProjectConfigurationPlatforms) = postSolution
		{4199BB67-3161-4A21-845B-CF3006BA6F68}.Debug|Any CPU.ActiveCfg = Debug|Any CPU
		{4199BB67-3161-4A21-845B-CF3006BA6F68}.Debug|Any CPU.Build.0 = Debug|Any CPU
		{4199BB67-3161-4A21-845B-CF3006BA6F68}.Release|Any CPU.ActiveCfg = Release|Any CPU
		{4199BB67-3161-4A21-845B-CF3006BA6F68}.Release|Any CPU.Build.0 = Release|Any CPU
		{B8F80CE6-57D9-4015-935A-0A0EB6A98F2B}.Debug|Any CPU.ActiveCfg = Debug|Any CPU
		{B8F80CE6-57D9-4015-935A-0A0EB6A98F2B}.Debug|Any CPU.Build.0 = Debug|Any CPU
		{B8F80CE6-57D9-4015-935A-0A0EB6A98F2B}.Release|Any CPU.ActiveCfg = Release|Any CPU
		{B8F80CE6-57D9-4015-935A-0A0EB6A98F2B}.Release|Any CPU.Build.0 = Release|Any CPU
		{4EE066B8-9DE1-47B2-A22A-3C18FCE87870}.Debug|Any CPU.ActiveCfg = Debug|Any CPU
		{4EE066B8-9DE1-47B2-A22A-3C18FCE87870}.Debug|Any CPU.Build.0 = Debug|Any CPU
		{4EE066B8-9DE1-47B2-A22A-3C18FCE87870}.Release|Any CPU.ActiveCfg = Release|Any CPU
		{4EE066B8-9DE1-47B2-A22A-3C18FCE87870}.Release|Any CPU.Build.0 = Release|Any CPU
		{3CCEA4B9-90B4-44A2-A543-12D4A50A9448}.Debug|Any CPU.ActiveCfg = Debug|Any CPU
		{3CCEA4B9-90B4-44A2-A543-12D4A50A9448}.Debug|Any CPU.Build.0 = Debug|Any CPU
		{3CCEA4B9-90B4-44A2-A543-12D4A50A9448}.Release|Any CPU.ActiveCfg = Release|Any CPU
		{3CCEA4B9-90B4-44A2-A543-12D4A50A9448}.Release|Any CPU.Build.0 = Release|Any CPU
		{91F513D0-DA3C-43DA-BA9E-3B638DAACA00}.Debug|Any CPU.ActiveCfg = Debug|Any CPU
		{91F513D0-DA3C-43DA-BA9E-3B638DAACA00}.Debug|Any CPU.Build.0 = Debug|Any CPU
		{91F513D0-DA3C-43DA-BA9E-3B638DAACA00}.Release|Any CPU.ActiveCfg = Release|Any CPU
		{91F513D0-DA3C-43DA-BA9E-3B638DAACA00}.Release|Any CPU.Build.0 = Release|Any CPU
		{0C8EEAA1-EEAA-485F-9094-E0236010E81D}.Debug|Any CPU.ActiveCfg = Debug|Any CPU
		{0C8EEAA1-EEAA-485F-9094-E0236010E81D}.Debug|Any CPU.Build.0 = Debug|Any CPU
		{0C8EEAA1-EEAA-485F-9094-E0236010E81D}.Release|Any CPU.ActiveCfg = Release|Any CPU
		{0C8EEAA1-EEAA-485F-9094-E0236010E81D}.Release|Any CPU.Build.0 = Release|Any CPU
		{83940D26-CA24-4FEC-86E3-DDCFBCEAF1A3}.Debug|Any CPU.ActiveCfg = Debug|Any CPU
		{83940D26-CA24-4FEC-86E3-DDCFBCEAF1A3}.Debug|Any CPU.Build.0 = Debug|Any CPU
		{83940D26-CA24-4FEC-86E3-DDCFBCEAF1A3}.Release|Any CPU.ActiveCfg = Release|Any CPU
		{83940D26-CA24-4FEC-86E3-DDCFBCEAF1A3}.Release|Any CPU.Build.0 = Release|Any CPU
		{B57CFB79-BD40-4D49-8442-EA7D2BDB4E67}.Debug|Any CPU.ActiveCfg = Debug|Any CPU
		{B57CFB79-BD40-4D49-8442-EA7D2BDB4E67}.Debug|Any CPU.Build.0 = Debug|Any CPU
		{B57CFB79-BD40-4D49-8442-EA7D2BDB4E67}.Release|Any CPU.ActiveCfg = Release|Any CPU
		{B57CFB79-BD40-4D49-8442-EA7D2BDB4E67}.Release|Any CPU.Build.0 = Release|Any CPU
		{5AB882C6-D96E-4E69-883D-0DDD67D556D7}.Debug|Any CPU.ActiveCfg = Debug|Any CPU
		{5AB882C6-D96E-4E69-883D-0DDD67D556D7}.Debug|Any CPU.Build.0 = Debug|Any CPU
		{5AB882C6-D96E-4E69-883D-0DDD67D556D7}.Release|Any CPU.ActiveCfg = Release|Any CPU
		{5AB882C6-D96E-4E69-883D-0DDD67D556D7}.Release|Any CPU.Build.0 = Release|Any CPU
		{B32FEED2-F24A-4199-BFD5-41E85B8BE5EE}.Debug|Any CPU.ActiveCfg = Debug|Any CPU
		{B32FEED2-F24A-4199-BFD5-41E85B8BE5EE}.Debug|Any CPU.Build.0 = Debug|Any CPU
		{B32FEED2-F24A-4199-BFD5-41E85B8BE5EE}.Release|Any CPU.ActiveCfg = Release|Any CPU
		{B32FEED2-F24A-4199-BFD5-41E85B8BE5EE}.Release|Any CPU.Build.0 = Release|Any CPU
		{5BAEF055-A834-4489-B0F6-F63C3B469BFB}.Debug|Any CPU.ActiveCfg = Debug|Any CPU
		{5BAEF055-A834-4489-B0F6-F63C3B469BFB}.Debug|Any CPU.Build.0 = Debug|Any CPU
		{5BAEF055-A834-4489-B0F6-F63C3B469BFB}.Release|Any CPU.ActiveCfg = Release|Any CPU
		{5BAEF055-A834-4489-B0F6-F63C3B469BFB}.Release|Any CPU.Build.0 = Release|Any CPU
		{8905E6A6-AF7E-4F76-BCCC-10F58C18E7CF}.Debug|Any CPU.ActiveCfg = Debug|Any CPU
		{8905E6A6-AF7E-4F76-BCCC-10F58C18E7CF}.Debug|Any CPU.Build.0 = Debug|Any CPU
		{8905E6A6-AF7E-4F76-BCCC-10F58C18E7CF}.Release|Any CPU.ActiveCfg = Release|Any CPU
		{8905E6A6-AF7E-4F76-BCCC-10F58C18E7CF}.Release|Any CPU.Build.0 = Release|Any CPU
		{15957C23-4EEF-4FE6-9831-1805F47234A4}.Debug|Any CPU.ActiveCfg = Debug|Any CPU
		{15957C23-4EEF-4FE6-9831-1805F47234A4}.Debug|Any CPU.Build.0 = Debug|Any CPU
		{15957C23-4EEF-4FE6-9831-1805F47234A4}.Release|Any CPU.ActiveCfg = Release|Any CPU
		{15957C23-4EEF-4FE6-9831-1805F47234A4}.Release|Any CPU.Build.0 = Release|Any CPU
		{70D56AC9-76C6-42E0-A6DA-4F65B87CFE1B}.Debug|Any CPU.ActiveCfg = Debug|Any CPU
		{70D56AC9-76C6-42E0-A6DA-4F65B87CFE1B}.Debug|Any CPU.Build.0 = Debug|Any CPU
		{70D56AC9-76C6-42E0-A6DA-4F65B87CFE1B}.Release|Any CPU.ActiveCfg = Release|Any CPU
		{70D56AC9-76C6-42E0-A6DA-4F65B87CFE1B}.Release|Any CPU.Build.0 = Release|Any CPU
	EndGlobalSection
	GlobalSection(SolutionProperties) = preSolution
		HideSolutionNode = FALSE
	EndGlobalSection
	GlobalSection(NestedProjects) = preSolution
		{4199BB67-3161-4A21-845B-CF3006BA6F68} = {E46206C1-14DA-460F-A92A-3A8A969AAB78}
		{B8F80CE6-57D9-4015-935A-0A0EB6A98F2B} = {A6F094D1-FC4B-4039-9043-225C0F7A0E4C}
		{4EE066B8-9DE1-47B2-A22A-3C18FCE87870} = {E46206C1-14DA-460F-A92A-3A8A969AAB78}
		{3CCEA4B9-90B4-44A2-A543-12D4A50A9448} = {F02A9C88-1573-4DE2-B9CF-98BDAF4BEAA6}
		{91F513D0-DA3C-43DA-BA9E-3B638DAACA00} = {A6F094D1-FC4B-4039-9043-225C0F7A0E4C}
		{0C8EEAA1-EEAA-485F-9094-E0236010E81D} = {21F2E138-83CC-4B15-8CAE-FE3B6BB9BCE4}
		{83940D26-CA24-4FEC-86E3-DDCFBCEAF1A3} = {A6F094D1-FC4B-4039-9043-225C0F7A0E4C}
		{B57CFB79-BD40-4D49-8442-EA7D2BDB4E67} = {F02A9C88-1573-4DE2-B9CF-98BDAF4BEAA6}
		{5AB882C6-D96E-4E69-883D-0DDD67D556D7} = {E46206C1-14DA-460F-A92A-3A8A969AAB78}
		{B32FEED2-F24A-4199-BFD5-41E85B8BE5EE} = {C8C86AD4-C6D3-414E-90AE-1FC73772F4BB}
		{5BAEF055-A834-4489-B0F6-F63C3B469BFB} = {E46206C1-14DA-460F-A92A-3A8A969AAB78}
		{8905E6A6-AF7E-4F76-BCCC-10F58C18E7CF} = {C8C86AD4-C6D3-414E-90AE-1FC73772F4BB}
		{15957C23-4EEF-4FE6-9831-1805F47234A4} = {E46206C1-14DA-460F-A92A-3A8A969AAB78}
		{70D56AC9-76C6-42E0-A6DA-4F65B87CFE1B} = {21F2E138-83CC-4B15-8CAE-FE3B6BB9BCE4}
	EndGlobalSection
	GlobalSection(ExtensibilityGlobals) = postSolution
		SolutionGuid = {E4B99CA6-586D-495C-A67D-F37F0EFB1490}
	EndGlobalSection
EndGlobal
